// !$*UTF8*$!
{
	archiveVersion = 1;
	classes = {
	};
	objectVersion = 46;
	objects = {

/* Begin PBXBuildFile section */
		CF2C4AAD1CCB3FF40066E249 /* AppDelegate.swift in Sources */ = {isa = PBXBuildFile; fileRef = CF2C4AAC1CCB3FF40066E249 /* AppDelegate.swift */; };
		CF2C4AAF1CCB3FF40066E249 /* ViewController.swift in Sources */ = {isa = PBXBuildFile; fileRef = CF2C4AAE1CCB3FF40066E249 /* ViewController.swift */; };
		CF2C4AB21CCB3FF40066E249 /* Main.storyboard in Resources */ = {isa = PBXBuildFile; fileRef = CF2C4AB01CCB3FF40066E249 /* Main.storyboard */; };
		CF2C4AB41CCB3FF40066E249 /* Assets.xcassets in Resources */ = {isa = PBXBuildFile; fileRef = CF2C4AB31CCB3FF40066E249 /* Assets.xcassets */; };
		CF2C4AB71CCB3FF40066E249 /* LaunchScreen.storyboard in Resources */ = {isa = PBXBuildFile; fileRef = CF2C4AB51CCB3FF40066E249 /* LaunchScreen.storyboard */; };
		CF2C4ABF1CCC89CB0066E249 /* Images in Resources */ = {isa = PBXBuildFile; fileRef = CF2C4ABE1CCC89CB0066E249 /* Images */; };
		CF2C4AC11CCC9F3F0066E249 /* PlayersViewController.swift in Sources */ = {isa = PBXBuildFile; fileRef = CF2C4AC01CCC9F3F0066E249 /* PlayersViewController.swift */; };
		CF2C4AC31CCC9FCD0066E249 /* Player.swift in Sources */ = {isa = PBXBuildFile; fileRef = CF2C4AC21CCC9FCD0066E249 /* Player.swift */; };
		CF2C4AC51CCCA0D70066E249 /* SampleData.swift in Sources */ = {isa = PBXBuildFile; fileRef = CF2C4AC41CCCA0D70066E249 /* SampleData.swift */; };
/* End PBXBuildFile section */

/* Begin PBXFileReference section */
		CF2C4AA91CCB3FF40066E249 /* AshwinRatings.app */ = {isa = PBXFileReference; explicitFileType = wrapper.application; includeInIndex = 0; path = AshwinRatings.app; sourceTree = BUILT_PRODUCTS_DIR; };
		CF2C4AAC1CCB3FF40066E249 /* AppDelegate.swift */ = {isa = PBXFileReference; lastKnownFileType = sourcecode.swift; path = AppDelegate.swift; sourceTree = "<group>"; };
		CF2C4AAE1CCB3FF40066E249 /* ViewController.swift */ = {isa = PBXFileReference; lastKnownFileType = sourcecode.swift; path = ViewController.swift; sourceTree = "<group>"; };
		CF2C4AB11CCB3FF40066E249 /* Base */ = {isa = PBXFileReference; lastKnownFileType = file.storyboard; name = Base; path = Base.lproj/Main.storyboard; sourceTree = "<group>"; };
		CF2C4AB31CCB3FF40066E249 /* Assets.xcassets */ = {isa = PBXFileReference; lastKnownFileType = folder.assetcatalog; path = Assets.xcassets; sourceTree = "<group>"; };
		CF2C4AB61CCB3FF40066E249 /* Base */ = {isa = PBXFileReference; lastKnownFileType = file.storyboard; name = Base; path = Base.lproj/LaunchScreen.storyboard; sourceTree = "<group>"; };
		CF2C4AB81CCB3FF40066E249 /* Info.plist */ = {isa = PBXFileReference; lastKnownFileType = text.plist.xml; path = Info.plist; sourceTree = "<group>"; };
		CF2C4ABE1CCC89CB0066E249 /* Images */ = {isa = PBXFileReference; lastKnownFileType = folder; path = Images; sourceTree = "<group>"; };
		CF2C4AC01CCC9F3F0066E249 /* PlayersViewController.swift */ = {isa = PBXFileReference; fileEncoding = 4; lastKnownFileType = sourcecode.swift; path = PlayersViewController.swift; sourceTree = "<group>"; };
		CF2C4AC21CCC9FCD0066E249 /* Player.swift */ = {isa = PBXFileReference; fileEncoding = 4; lastKnownFileType = sourcecode.swift; path = Player.swift; sourceTree = "<group>"; };
		CF2C4AC41CCCA0D70066E249 /* SampleData.swift */ = {isa = PBXFileReference; fileEncoding = 4; lastKnownFileType = sourcecode.swift; path = SampleData.swift; sourceTree = "<group>"; };
/* End PBXFileReference section */

/* Begin PBXFrameworksBuildPhase section */
		CF2C4AA61CCB3FF40066E249 /* Frameworks */ = {
			isa = PBXFrameworksBuildPhase;
			buildActionMask = 2147483647;
			files = (
			);
			runOnlyForDeploymentPostprocessing = 0;
		};
/* End PBXFrameworksBuildPhase section */

/* Begin PBXGroup section */
		CF2C4AA01CCB3FF40066E249 = {
			isa = PBXGroup;
			children = (
				CF2C4AAB1CCB3FF40066E249 /* AshwinRatings */,
				CF2C4AAA1CCB3FF40066E249 /* Products */,
			);
			sourceTree = "<group>";
		};
		CF2C4AAA1CCB3FF40066E249 /* Products */ = {
			isa = PBXGroup;
			children = (
				CF2C4AA91CCB3FF40066E249 /* AshwinRatings.app */,
			);
			name = Products;
			sourceTree = "<group>";
		};
		CF2C4AAB1CCB3FF40066E249 /* AshwinRatings */ = {
			isa = PBXGroup;
			children = (
				CF2C4AAC1CCB3FF40066E249 /* AppDelegate.swift */,
				CF2C4AAE1CCB3FF40066E249 /* ViewController.swift */,
				CF2C4AB01CCB3FF40066E249 /* Main.storyboard */,
				CF2C4AC01CCC9F3F0066E249 /* PlayersViewController.swift */,
				CF2C4AC21CCC9FCD0066E249 /* Player.swift */,
				CF2C4AC41CCCA0D70066E249 /* SampleData.swift */,
				CF2C4ABE1CCC89CB0066E249 /* Images */,
				CF2C4AB31CCB3FF40066E249 /* Assets.xcassets */,
				CF2C4AB51CCB3FF40066E249 /* LaunchScreen.storyboard */,
				CF2C4AB81CCB3FF40066E249 /* Info.plist */,
			);
			path = AshwinRatings;
			sourceTree = "<group>";
		};
/* End PBXGroup section */

/* Begin PBXNativeTarget section */
		CF2C4AA81CCB3FF40066E249 /* AshwinRatings */ = {
			isa = PBXNativeTarget;
			buildConfigurationList = CF2C4ABB1CCB3FF40066E249 /* Build configuration list for PBXNativeTarget "AshwinRatings" */;
			buildPhases = (
				CF2C4AA51CCB3FF40066E249 /* Sources */,
				CF2C4AA61CCB3FF40066E249 /* Frameworks */,
				CF2C4AA71CCB3FF40066E249 /* Resources */,
			);
			buildRules = (
			);
			dependencies = (
			);
			name = AshwinRatings;
			productName = AshwinRatings;
			productReference = CF2C4AA91CCB3FF40066E249 /* AshwinRatings.app */;
			productType = "com.apple.product-type.application";
		};
/* End PBXNativeTarget section */

/* Begin PBXProject section */
		CF2C4AA11CCB3FF40066E249 /* Project object */ = {
			isa = PBXProject;
			attributes = {
				LastSwiftUpdateCheck = 0730;
				LastUpgradeCheck = 0730;
				ORGANIZATIONNAME = AshwinDevendran;
				TargetAttributes = {
					CF2C4AA81CCB3FF40066E249 = {
						CreatedOnToolsVersion = 7.3;
						DevelopmentTeam = 5ZXMKH5TXN;
					};
				};
			};
			buildConfigurationList = CF2C4AA41CCB3FF40066E249 /* Build configuration list for PBXProject "AshwinRatings" */;
			compatibilityVersion = "Xcode 3.2";
			developmentRegion = English;
			hasScannedForEncodings = 0;
			knownRegions = (
				en,
				Base,
			);
			mainGroup = CF2C4AA01CCB3FF40066E249;
			productRefGroup = CF2C4AAA1CCB3FF40066E249 /* Products */;
			projectDirPath = "";
			projectRoot = "";
			targets = (
				CF2C4AA81CCB3FF40066E249 /* AshwinRatings */,
			);
		};
/* End PBXProject section */

/* Begin PBXResourcesBuildPhase section */
		CF2C4AA71CCB3FF40066E249 /* Resources */ = {
			isa = PBXResourcesBuildPhase;
			buildActionMask = 2147483647;
			files = (
				CF2C4ABF1CCC89CB0066E249 /* Images in Resources */,
				CF2C4AB71CCB3FF40066E249 /* LaunchScreen.storyboard in Resources */,
				CF2C4AB41CCB3FF40066E249 /* Assets.xcassets in Resources */,
				CF2C4AB21CCB3FF40066E249 /* Main.storyboard in Resources */,
			);
			runOnlyForDeploymentPostprocessing = 0;
		};
/* End PBXResourcesBuildPhase section */

/* Begin PBXSourcesBuildPhase section */
		CF2C4AA51CCB3FF40066E249 /* Sources */ = {
			isa = PBXSourcesBuildPhase;
			buildActionMask = 2147483647;
			files = (
				CF2C4AC31CCC9FCD0066E249 /* Player.swift in Sources */,
				CF2C4AAF1CCB3FF40066E249 /* ViewController.swift in Sources */,
				CF2C4AC11CCC9F3F0066E249 /* PlayersViewController.swift in Sources */,
				CF2C4AC51CCCA0D70066E249 /* SampleData.swift in Sources */,
				CF2C4AAD1CCB3FF40066E249 /* AppDelegate.swift in Sources */,
			);
			runOnlyForDeploymentPostprocessing = 0;
		};
/* End PBXSourcesBuildPhase section */

/* Begin PBXVariantGroup section */
		CF2C4AB01CCB3FF40066E249 /* Main.storyboard */ = {
			isa = PBXVariantGroup;
			children = (
				CF2C4AB11CCB3FF40066E249 /* Base */,
			);
			name = Main.storyboard;
			sourceTree = "<group>";
		};
		CF2C4AB51CCB3FF40066E249 /* LaunchScreen.storyboard */ = {
			isa = PBXVariantGroup;
			children = (
				CF2C4AB61CCB3FF40066E249 /* Base */,
			);
			name = LaunchScreen.storyboard;
			sourceTree = "<group>";
		};
/* End PBXVariantGroup section */

/* Begin XCBuildConfiguration section */
		CF2C4AB91CCB3FF40066E249 /* Debug */ = {
			isa = XCBuildConfiguration;
			buildSettings = {
				ALWAYS_SEARCH_USER_PATHS = NO;
				CLANG_ANALYZER_NONNULL = YES;
				CLANG_CXX_LANGUAGE_STANDARD = "gnu++0x";
				CLANG_CXX_LIBRARY = "libc++";
				CLANG_ENABLE_MODULES = YES;
				CLANG_ENABLE_OBJC_ARC = YES;
				CLANG_WARN_BOOL_CONVERSION = YES;
				CLANG_WARN_CONSTANT_CONVERSION = YES;
				CLANG_WARN_DIRECT_OBJC_ISA_USAGE = YES_ERROR;
				CLANG_WARN_EMPTY_BODY = YES;
				CLANG_WARN_ENUM_CONVERSION = YES;
				CLANG_WARN_INT_CONVERSION = YES;
				CLANG_WARN_OBJC_ROOT_CLASS = YES_ERROR;
				CLANG_WARN_UNREACHABLE_CODE = YES;
				CLANG_WARN__DUPLICATE_METHOD_MATCH = YES;
				"CODE_SIGN_IDENTITY[sdk=iphoneos*]" = "iPhone Developer";
				COPY_PHASE_STRIP = NO;
				DEBUG_INFORMATION_FORMAT = dwarf;
				ENABLE_STRICT_OBJC_MSGSEND = YES;
				ENABLE_TESTABILITY = YES;
				GCC_C_LANGUAGE_STANDARD = gnu99;
				GCC_DYNAMIC_NO_PIC = NO;
				GCC_NO_COMMON_BLOCKS = YES;
				GCC_OPTIMIZATION_LEVEL = 0;
				GCC_PREPROCESSOR_DEFINITIONS = (
					"DEBUG=1",
					"$(inherited)",
				);
				GCC_WARN_64_TO_32_BIT_CONVERSION = YES;
				GCC_WARN_ABOUT_RETURN_TYPE = YES_ERROR;
				GCC_WARN_UNDECLARED_SELECTOR = YES;
				GCC_WARN_UNINITIALIZED_AUTOS = YES_AGGRESSIVE;
				GCC_WARN_UNUSED_FUNCTION = YES;
				GCC_WARN_UNUSED_VARIABLE = YES;
				IPHONEOS_DEPLOYMENT_TARGET = 9.3;
				MTL_ENABLE_DEBUG_INFO = YES;
				ONLY_ACTIVE_ARCH = YES;
				SDKROOT = iphoneos;
				SWIFT_OPTIMIZATION_LEVEL = "-Onone";
			};
			name = Debug;
		};
		CF2C4ABA1CCB3FF40066E249 /* Release */ = {
			isa = XCBuildConfiguration;
			buildSettings = {
				ALWAYS_SEARCH_USER_PATHS = NO;
				CLANG_ANALYZER_NONNULL = YES;
				CLANG_CXX_LANGUAGE_STANDARD = "gnu++0x";
				CLANG_CXX_LIBRARY = "libc++";
				CLANG_ENABLE_MODULES = YES;
				CLANG_ENABLE_OBJC_ARC = YES;
				CLANG_WARN_BOOL_CONVERSION = YES;
				CLANG_WARN_CONSTANT_CONVERSION = YES;
				CLANG_WARN_DIRECT_OBJC_ISA_USAGE = YES_ERROR;
				CLANG_WARN_EMPTY_BODY = YES;
				CLANG_WARN_ENUM_CONVERSION = YES;
				CLANG_WARN_INT_CONVERSION = YES;
				CLANG_WARN_OBJC_ROOT_CLASS = YES_ERROR;
				CLANG_WARN_UNREACHABLE_CODE = YES;
				CLANG_WARN__DUPLICATE_METHOD_MATCH = YES;
				"CODE_SIGN_IDENTITY[sdk=iphoneos*]" = "iPhone Developer";
				COPY_PHASE_STRIP = NO;
				DEBUG_INFORMATION_FORMAT = "dwarf-with-dsym";
				ENABLE_NS_ASSERTIONS = NO;
				ENABLE_STRICT_OBJC_MSGSEND = YES;
				GCC_C_LANGUAGE_STANDARD = gnu99;
				GCC_NO_COMMON_BLOCKS = YES;
				GCC_WARN_64_TO_32_BIT_CONVERSION = YES;
				GCC_WARN_ABOUT_RETURN_TYPE = YES_ERROR;
				GCC_WARN_UNDECLARED_SELECTOR = YES;
				GCC_WARN_UNINITIALIZED_AUTOS = YES_AGGRESSIVE;
				GCC_WARN_UNUSED_FUNCTION = YES;
				GCC_WARN_UNUSED_VARIABLE = YES;
				IPHONEOS_DEPLOYMENT_TARGET = 9.3;
				MTL_ENABLE_DEBUG_INFO = NO;
				SDKROOT = iphoneos;
				VALIDATE_PRODUCT = YES;
			};
			name = Release;
		};
		CF2C4ABC1CCB3FF40066E249 /* Debug */ = {
			isa = XCBuildConfiguration;
			buildSettings = {
				ASSETCATALOG_COMPILER_APPICON_NAME = AppIcon;
				INFOPLIST_FILE = AshwinRatings/Info.plist;
				LD_RUNPATH_SEARCH_PATHS = "$(inherited) @executable_path/Frameworks";
				PRODUCT_BUNDLE_IDENTIFIER = com.AshwinDevendran.AshwinRatings;
				PRODUCT_NAME = "$(TARGET_NAME)";
			};
			name = Debug;
		};
		CF2C4ABD1CCB3FF40066E249 /* Release */ = {
			isa = XCBuildConfiguration;
			buildSettings = {
				ASSETCATALOG_COMPILER_APPICON_NAME = AppIcon;
				INFOPLIST_FILE = AshwinRatings/Info.plist;
				LD_RUNPATH_SEARCH_PATHS = "$(inherited) @executable_path/Frameworks";
				PRODUCT_BUNDLE_IDENTIFIER = com.AshwinDevendran.AshwinRatings;
				PRODUCT_NAME = "$(TARGET_NAME)";
			};
			name = Release;
		};
/* End XCBuildConfiguration section */

/* Begin XCConfigurationList section */
		CF2C4AA41CCB3FF40066E249 /* Build configuration list for PBXProject "AshwinRatings" */ = {
			isa = XCConfigurationList;
			buildConfigurations = (
				CF2C4AB91CCB3FF40066E249 /* Debug */,
				CF2C4ABA1CCB3FF40066E249 /* Release */,
			);
			defaultConfigurationIsVisible = 0;
			defaultConfigurationName = Release;
		};
		CF2C4ABB1CCB3FF40066E249 /* Build configuration list for PBXNativeTarget "AshwinRatings" */ = {
			isa = XCConfigurationList;
			buildConfigurations = (
				CF2C4ABC1CCB3FF40066E249 /* Debug */,
				CF2C4ABD1CCB3FF40066E249 /* Release */,
			);
			defaultConfigurationIsVisible = 0;
		};
/* End XCConfigurationList section */
	};
	rootObject = CF2C4AA11CCB3FF40066E249 /* Project object */;
}
